
Microsoft Visual Studio Solution File, Format Version 12.00
Project("{2150E333-8FDC-42A3-9474-1A3956D46DE8}") = "Solution Items", "Solution Items", "{4550BFFC-41C8-40A3-962A-3C586892D317}"
EndProject
Project("{2150E333-8FDC-42A3-9474-1A3956D46DE8}") = "src", "src", "{0F1E9E8C-2B60-4D89-B3BA-5E0E751C46DD}"
EndProject
Project("{FAE04EC0-301F-11D3-BF4B-00C04F79EFBC}") = "theonlytool", "src\theonlytool\theonlytool.csproj", "{99108007-08BA-4A3C-8948-E92A66728C8E}"
EndProject
Project("{2150E333-8FDC-42A3-9474-1A3956D46DE8}") = "test", "test", "{8A62A4B7-965D-48D5-90B7-18D3214E1728}"
EndProject
Project("{FAE04EC0-301F-11D3-BF4B-00C04F79EFBC}") = "TheOnlyToolTests", "test\TheOnlyToolTests\TheOnlyToolTests.csproj", "{D1164ACC-C038-46C5-B033-09DD97F87259}"
EndProject
Project("{2150E333-8FDC-42A3-9474-1A3956D46DE8}") = "Services", "Services", "{75FBFBD1-39C4-4C5E-8ED2-8EEFE37F1A3D}"
EndProject
Project("{FAE04EC0-301F-11D3-BF4B-00C04F79EFBC}") = "Services.Base64", "src\Services.Base64\Services.Base64.csproj", "{7DEC1C31-9033-45A3-800E-11A42513F970}"
EndProject
Project("{FAE04EC0-301F-11D3-BF4B-00C04F79EFBC}") = "Services.Hashing", "src\Services.Hashing\Services.Hashing.csproj", "{00A14C1C-E077-4B14-B39E-7D7D205CC955}"
EndProject
Project("{2150E333-8FDC-42A3-9474-1A3956D46DE8}") = "Services", "Services", "{9698E7BF-199F-45B0-A2CE-F52D03B5D81E}"
EndProject
Project("{FAE04EC0-301F-11D3-BF4B-00C04F79EFBC}") = "Services.HashingTests", "test\Services.HashingTests\Services.HashingTests.csproj", "{08F05AF8-76FB-4776-86FD-E7F68F2FF2D8}"
EndProject
Global
	GlobalSection(SolutionConfigurationPlatforms) = preSolution
		Debug|Any CPU = Debug|Any CPU
		Release|Any CPU = Release|Any CPU
	EndGlobalSection
	GlobalSection(ProjectConfigurationPlatforms) = postSolution
		{99108007-08BA-4A3C-8948-E92A66728C8E}.Debug|Any CPU.ActiveCfg = Debug|Any CPU
		{99108007-08BA-4A3C-8948-E92A66728C8E}.Debug|Any CPU.Build.0 = Debug|Any CPU
		{99108007-08BA-4A3C-8948-E92A66728C8E}.Release|Any CPU.ActiveCfg = Release|Any CPU
		{99108007-08BA-4A3C-8948-E92A66728C8E}.Release|Any CPU.Build.0 = Release|Any CPU
		{D1164ACC-C038-46C5-B033-09DD97F87259}.Debug|Any CPU.ActiveCfg = Debug|Any CPU
		{D1164ACC-C038-46C5-B033-09DD97F87259}.Debug|Any CPU.Build.0 = Debug|Any CPU
		{D1164ACC-C038-46C5-B033-09DD97F87259}.Release|Any CPU.ActiveCfg = Release|Any CPU
		{D1164ACC-C038-46C5-B033-09DD97F87259}.Release|Any CPU.Build.0 = Release|Any CPU
		{7DEC1C31-9033-45A3-800E-11A42513F970}.Debug|Any CPU.ActiveCfg = Debug|Any CPU
		{7DEC1C31-9033-45A3-800E-11A42513F970}.Debug|Any CPU.Build.0 = Debug|Any CPU
		{7DEC1C31-9033-45A3-800E-11A42513F970}.Release|Any CPU.ActiveCfg = Release|Any CPU
		{7DEC1C31-9033-45A3-800E-11A42513F970}.Release|Any CPU.Build.0 = Release|Any CPU
		{00A14C1C-E077-4B14-B39E-7D7D205CC955}.Debug|Any CPU.ActiveCfg = Debug|Any CPU
		{00A14C1C-E077-4B14-B39E-7D7D205CC955}.Debug|Any CPU.Build.0 = Debug|Any CPU
		{00A14C1C-E077-4B14-B39E-7D7D205CC955}.Release|Any CPU.ActiveCfg = Release|Any CPU
		{00A14C1C-E077-4B14-B39E-7D7D205CC955}.Release|Any CPU.Build.0 = Release|Any CPU
		{08F05AF8-76FB-4776-86FD-E7F68F2FF2D8}.Debug|Any CPU.ActiveCfg = Debug|Any CPU
		{08F05AF8-76FB-4776-86FD-E7F68F2FF2D8}.Debug|Any CPU.Build.0 = Debug|Any CPU
		{08F05AF8-76FB-4776-86FD-E7F68F2FF2D8}.Release|Any CPU.ActiveCfg = Release|Any CPU
		{08F05AF8-76FB-4776-86FD-E7F68F2FF2D8}.Release|Any CPU.Build.0 = Release|Any CPU
	EndGlobalSection
	GlobalSection(NestedProjects) = preSolution
		{99108007-08BA-4A3C-8948-E92A66728C8E} = {0F1E9E8C-2B60-4D89-B3BA-5E0E751C46DD}
		{D1164ACC-C038-46C5-B033-09DD97F87259} = {8A62A4B7-965D-48D5-90B7-18D3214E1728}
		{75FBFBD1-39C4-4C5E-8ED2-8EEFE37F1A3D} = {0F1E9E8C-2B60-4D89-B3BA-5E0E751C46DD}
		{7DEC1C31-9033-45A3-800E-11A42513F970} = {75FBFBD1-39C4-4C5E-8ED2-8EEFE37F1A3D}
		{00A14C1C-E077-4B14-B39E-7D7D205CC955} = {75FBFBD1-39C4-4C5E-8ED2-8EEFE37F1A3D}
		{9698E7BF-199F-45B0-A2CE-F52D03B5D81E} = {8A62A4B7-965D-48D5-90B7-18D3214E1728}
		{08F05AF8-76FB-4776-86FD-E7F68F2FF2D8} = {9698E7BF-199F-45B0-A2CE-F52D03B5D81E}
	EndGlobalSection
EndGlobal
